
Microsoft Visual Studio Solution File, Format Version 12.00
# Visual Studio Version 16
VisualStudioVersion = 16.0.32901.82
MinimumVisualStudioVersion = 10.0.40219.1
Project("{8BC9CEB8-8B4A-11D0-8D11-00A0C91BC942}") = "HockeyTeams", "HockeyTeams\HockeyTeams.vcxproj", "{252C8D21-50E8-42C0-AD5D-1A120751A496}"
EndProject
Global
	GlobalSection(SolutionConfigurationPlatforms) = preSolution
		Debug|x64 = Debug|x64
		Debug|x86 = Debug|x86
		Release|x64 = Release|x64
		Release|x86 = Release|x86
	EndGlobalSection
	GlobalSection(ProjectConfigurationPlatforms) = postSolution
		{252C8D21-50E8-42C0-AD5D-1A120751A496}.Debug|x64.ActiveCfg = Debug|x64
		{252C8D21-50E8-42C0-AD5D-1A120751A496}.Debug|x64.Build.0 = Debug|x64
		{252C8D21-50E8-42C0-AD5D-1A120751A496}.Debug|x86.ActiveCfg = Debug|Win32
		{252C8D21-50E8-42C0-AD5D-1A120751A496}.Debug|x86.Build.0 = Debug|Win32
		{252C8D21-50E8-42C0-AD5D-1A120751A496}.Release|x64.ActiveCfg = Release|x64
		{252C8D21-50E8-42C0-AD5D-1A120751A496}.Release|x64.Build.0 = Release|x64
		{252C8D21-50E8-42C0-AD5D-1A120751A496}.Release|x86.ActiveCfg = Release|Win32
		{252C8D21-50E8-42C0-AD5D-1A120751A496}.Release|x86.Build.0 = Release|Win32
	EndGlobalSection
	GlobalSection(SolutionProperties) = preSolution
		HideSolutionNode = FALSE
	EndGlobalSection
	GlobalSection(ExtensibilityGlobals) = postSolution
		SolutionGuid = {E76E7EF2-5DEB-4A19-907F-22FF02D55BB9}
	EndGlobalSection
EndGlobal
